
Microsoft Visual Studio Solution File, Format Version 12.00
# Visual Studio Version 16
VisualStudioVersion = 16.0.29020.237
MinimumVisualStudioVersion = 10.0.40219.1
Project("{9A19103F-16F7-4668-BE54-9A1E7A4F7556}") = "UnitTestProject", "UnitTestProject\UnitTestProject.csproj", "{D00EE9E7-ACAF-476E-91E6-68E042178658}"
EndProject
Project("{E53339B2-1760-4266-BCC7-CA923CBCF16C}") = "docker-compose", "docker-compose.dcproj", "{6D35317F-4546-45D7-BA35-C4F78F9D908D}"
EndProject
Project("{FAE04EC0-301F-11D3-BF4B-00C04F79EFBC}") = "Kelenium", "..\Kelenium\Kelenium.csproj", "{78379D8A-4EF1-4751-AADE-44CE1B7BE2F8}"
EndProject
Global
	GlobalSection(SolutionConfigurationPlatforms) = preSolution
		Debug|Any CPU = Debug|Any CPU
		Release|Any CPU = Release|Any CPU
	EndGlobalSection
	GlobalSection(ProjectConfigurationPlatforms) = postSolution
		{D00EE9E7-ACAF-476E-91E6-68E042178658}.Debug|Any CPU.ActiveCfg = Debug|Any CPU
		{D00EE9E7-ACAF-476E-91E6-68E042178658}.Debug|Any CPU.Build.0 = Debug|Any CPU
		{D00EE9E7-ACAF-476E-91E6-68E042178658}.Release|Any CPU.ActiveCfg = Release|Any CPU
		{D00EE9E7-ACAF-476E-91E6-68E042178658}.Release|Any CPU.Build.0 = Release|Any CPU
		{6D35317F-4546-45D7-BA35-C4F78F9D908D}.Debug|Any CPU.ActiveCfg = Debug|Any CPU
		{6D35317F-4546-45D7-BA35-C4F78F9D908D}.Debug|Any CPU.Build.0 = Debug|Any CPU
		{6D35317F-4546-45D7-BA35-C4F78F9D908D}.Release|Any CPU.ActiveCfg = Release|Any CPU
		{6D35317F-4546-45D7-BA35-C4F78F9D908D}.Release|Any CPU.Build.0 = Release|Any CPU
		{78379D8A-4EF1-4751-AADE-44CE1B7BE2F8}.Debug|Any CPU.ActiveCfg = Debug|Any CPU
		{78379D8A-4EF1-4751-AADE-44CE1B7BE2F8}.Debug|Any CPU.Build.0 = Debug|Any CPU
		{78379D8A-4EF1-4751-AADE-44CE1B7BE2F8}.Release|Any CPU.ActiveCfg = Release|Any CPU
		{78379D8A-4EF1-4751-AADE-44CE1B7BE2F8}.Release|Any CPU.Build.0 = Release|Any CPU
	EndGlobalSection
	GlobalSection(SolutionProperties) = preSolution
		HideSolutionNode = FALSE
	EndGlobalSection
	GlobalSection(ExtensibilityGlobals) = postSolution
		SolutionGuid = {DE5D79CC-EEE5-4C8C-AA4C-20CB8FE4CBD0}
	EndGlobalSection
EndGlobal
